// !$*UTF8*$!
{
	archiveVersion = 1;
	classes = {
	};
	objectVersion = 46;
	objects = {

/* Begin PBXBuildFile section */
		D9075BBD1F18544100889026 /* SplitSelf.swift in Sources */ = {isa = PBXBuildFile; fileRef = D9075BBC1F18544100889026 /* SplitSelf.swift */; };
		D9075BBF1F18547C00889026 /* ItemSummary.swift in Sources */ = {isa = PBXBuildFile; fileRef = D9075BBE1F18547C00889026 /* ItemSummary.swift */; };
		D9075BC11F1854A000889026 /* ItemToCompare.swift in Sources */ = {isa = PBXBuildFile; fileRef = D9075BC01F1854A000889026 /* ItemToCompare.swift */; };
		D9B5E8951F195C6100FCD080 /* testingFile.swift in Sources */ = {isa = PBXBuildFile; fileRef = D9B5E8941F195C6100FCD080 /* testingFile.swift */; };
		D9D632771F1579E2009D150B /* AppDelegate.swift in Sources */ = {isa = PBXBuildFile; fileRef = D9D632761F1579E2009D150B /* AppDelegate.swift */; };
		D9D6327E1F1579E2009D150B /* Assets.xcassets in Resources */ = {isa = PBXBuildFile; fileRef = D9D6327D1F1579E2009D150B /* Assets.xcassets */; };
		D9D632811F1579E2009D150B /* LaunchScreen.storyboard in Resources */ = {isa = PBXBuildFile; fileRef = D9D6327F1F1579E2009D150B /* LaunchScreen.storyboard */; };
		D9D632891F157AE0009D150B /* MainVC.swift in Sources */ = {isa = PBXBuildFile; fileRef = D9D632881F157AE0009D150B /* MainVC.swift */; };
		D9D6328B1F159458009D150B /* Comparato.swift in Sources */ = {isa = PBXBuildFile; fileRef = D9D6328A1F159458009D150B /* Comparato.swift */; };
		D9D6328D1F159627009D150B /* Item.swift in Sources */ = {isa = PBXBuildFile; fileRef = D9D6328C1F159627009D150B /* Item.swift */; };
/* End PBXBuildFile section */

/* Begin PBXFileReference section */
		D9075BBC1F18544100889026 /* SplitSelf.swift */ = {isa = PBXFileReference; fileEncoding = 4; lastKnownFileType = sourcecode.swift; path = SplitSelf.swift; sourceTree = "<group>"; };
		D9075BBE1F18547C00889026 /* ItemSummary.swift */ = {isa = PBXFileReference; fileEncoding = 4; lastKnownFileType = sourcecode.swift; path = ItemSummary.swift; sourceTree = "<group>"; };
		D9075BC01F1854A000889026 /* ItemToCompare.swift */ = {isa = PBXFileReference; fileEncoding = 4; lastKnownFileType = sourcecode.swift; path = ItemToCompare.swift; sourceTree = "<group>"; };
		D9B5E8941F195C6100FCD080 /* testingFile.swift */ = {isa = PBXFileReference; fileEncoding = 4; lastKnownFileType = sourcecode.swift; path = testingFile.swift; sourceTree = "<group>"; };
		D9D632731F1579E2009D150B /* cents.app */ = {isa = PBXFileReference; explicitFileType = wrapper.application; includeInIndex = 0; path = cents.app; sourceTree = BUILT_PRODUCTS_DIR; };
		D9D632761F1579E2009D150B /* AppDelegate.swift */ = {isa = PBXFileReference; lastKnownFileType = sourcecode.swift; path = AppDelegate.swift; sourceTree = "<group>"; };
		D9D6327D1F1579E2009D150B /* Assets.xcassets */ = {isa = PBXFileReference; lastKnownFileType = folder.assetcatalog; path = Assets.xcassets; sourceTree = "<group>"; };
		D9D632801F1579E2009D150B /* Base */ = {isa = PBXFileReference; lastKnownFileType = file.storyboard; name = Base; path = Base.lproj/LaunchScreen.storyboard; sourceTree = "<group>"; };
		D9D632821F1579E2009D150B /* Info.plist */ = {isa = PBXFileReference; lastKnownFileType = text.plist.xml; path = Info.plist; sourceTree = "<group>"; };
		D9D632881F157AE0009D150B /* MainVC.swift */ = {isa = PBXFileReference; fileEncoding = 4; lastKnownFileType = sourcecode.swift; path = MainVC.swift; sourceTree = "<group>"; };
		D9D6328A1F159458009D150B /* Comparato.swift */ = {isa = PBXFileReference; fileEncoding = 4; lastKnownFileType = sourcecode.swift; path = Comparato.swift; sourceTree = "<group>"; };
		D9D6328C1F159627009D150B /* Item.swift */ = {isa = PBXFileReference; fileEncoding = 4; lastKnownFileType = sourcecode.swift; path = Item.swift; sourceTree = "<group>"; };
/* End PBXFileReference section */

/* Begin PBXFrameworksBuildPhase section */
		D9D632701F1579E2009D150B /* Frameworks */ = {
			isa = PBXFrameworksBuildPhase;
			buildActionMask = 2147483647;
			files = (
			);
			runOnlyForDeploymentPostprocessing = 0;
		};
/* End PBXFrameworksBuildPhase section */

/* Begin PBXGroup section */
		D9D6326A1F1579E2009D150B = {
			isa = PBXGroup;
			children = (
				D9D632751F1579E2009D150B /* cents */,
				D9D632741F1579E2009D150B /* Products */,
			);
			sourceTree = "<group>";
		};
		D9D632741F1579E2009D150B /* Products */ = {
			isa = PBXGroup;
			children = (
				D9D632731F1579E2009D150B /* cents.app */,
			);
			name = Products;
			sourceTree = "<group>";
		};
		D9D632751F1579E2009D150B /* cents */ = {
			isa = PBXGroup;
			children = (
				D9D632761F1579E2009D150B /* AppDelegate.swift */,
				D9B5E8941F195C6100FCD080 /* testingFile.swift */,
				D9D632881F157AE0009D150B /* MainVC.swift */,
				D9D6328A1F159458009D150B /* Comparato.swift */,
				D9075BBC1F18544100889026 /* SplitSelf.swift */,
				D9075BBE1F18547C00889026 /* ItemSummary.swift */,
				D9075BC01F1854A000889026 /* ItemToCompare.swift */,
				D9D6328C1F159627009D150B /* Item.swift */,
				D9D6327D1F1579E2009D150B /* Assets.xcassets */,
				D9D6327F1F1579E2009D150B /* LaunchScreen.storyboard */,
				D9D632821F1579E2009D150B /* Info.plist */,
			);
			path = cents;
			sourceTree = "<group>";
		};
/* End PBXGroup section */

/* Begin PBXNativeTarget section */
		D9D632721F1579E2009D150B /* cents */ = {
			isa = PBXNativeTarget;
			buildConfigurationList = D9D632851F1579E2009D150B /* Build configuration list for PBXNativeTarget "cents" */;
			buildPhases = (
				D9D6326F1F1579E2009D150B /* Sources */,
				D9D632701F1579E2009D150B /* Frameworks */,
				D9D632711F1579E2009D150B /* Resources */,
			);
			buildRules = (
			);
			dependencies = (
			);
			name = cents;
			productName = cents;
			productReference = D9D632731F1579E2009D150B /* cents.app */;
			productType = "com.apple.product-type.application";
		};
/* End PBXNativeTarget section */

/* Begin PBXProject section */
		D9D6326B1F1579E2009D150B /* Project object */ = {
			isa = PBXProject;
			attributes = {
				LastSwiftUpdateCheck = 0830;
				LastUpgradeCheck = 0830;
				ORGANIZATIONNAME = "Ivan Minier";
				TargetAttributes = {
					D9D632721F1579E2009D150B = {
						CreatedOnToolsVersion = 8.3.3;
						DevelopmentTeam = 543V5E2ARZ;
						ProvisioningStyle = Automatic;
					};
				};
			};
			buildConfigurationList = D9D6326E1F1579E2009D150B /* Build configuration list for PBXProject "cents" */;
			compatibilityVersion = "Xcode 3.2";
			developmentRegion = English;
			hasScannedForEncodings = 0;
			knownRegions = (
				en,
				Base,
			);
			mainGroup = D9D6326A1F1579E2009D150B;
			productRefGroup = D9D632741F1579E2009D150B /* Products */;
			projectDirPath = "";
			projectRoot = "";
			targets = (
				D9D632721F1579E2009D150B /* cents */,
			);
		};
/* End PBXProject section */

/* Begin PBXResourcesBuildPhase section */
		D9D632711F1579E2009D150B /* Resources */ = {
			isa = PBXResourcesBuildPhase;
			buildActionMask = 2147483647;
			files = (
				D9D632811F1579E2009D150B /* LaunchScreen.storyboard in Resources */,
				D9D6327E1F1579E2009D150B /* Assets.xcassets in Resources */,
			);
			runOnlyForDeploymentPostprocessing = 0;
		};
/* End PBXResourcesBuildPhase section */

/* Begin PBXSourcesBuildPhase section */
		D9D6326F1F1579E2009D150B /* Sources */ = {
			isa = PBXSourcesBuildPhase;
			buildActionMask = 2147483647;
			files = (
				D9D6328D1F159627009D150B /* Item.swift in Sources */,
				D9D6328B1F159458009D150B /* Comparato.swift in Sources */,
				D9B5E8951F195C6100FCD080 /* testingFile.swift in Sources */,
				D9D632891F157AE0009D150B /* MainVC.swift in Sources */,
				D9D632771F1579E2009D150B /* AppDelegate.swift in Sources */,
				D9075BBD1F18544100889026 /* SplitSelf.swift in Sources */,
				D9075BC11F1854A000889026 /* ItemToCompare.swift in Sources */,
				D9075BBF1F18547C00889026 /* ItemSummary.swift in Sources */,
			);
			runOnlyForDeploymentPostprocessing = 0;
		};
/* End PBXSourcesBuildPhase section */

/* Begin PBXVariantGroup section */
		D9D6327F1F1579E2009D150B /* LaunchScreen.storyboard */ = {
			isa = PBXVariantGroup;
			children = (
				D9D632801F1579E2009D150B /* Base */,
			);
			name = LaunchScreen.storyboard;
			sourceTree = "<group>";
		};
/* End PBXVariantGroup section */

/* Begin XCBuildConfiguration section */
		D9D632831F1579E2009D150B /* Debug */ = {
			isa = XCBuildConfiguration;
			buildSettings = {
				ALWAYS_SEARCH_USER_PATHS = NO;
				CLANG_ANALYZER_NONNULL = YES;
				CLANG_ANALYZER_NUMBER_OBJECT_CONVERSION = YES_AGGRESSIVE;
				CLANG_CXX_LANGUAGE_STANDARD = "gnu++0x";
				CLANG_CXX_LIBRARY = "libc++";
				CLANG_ENABLE_MODULES = YES;
				CLANG_ENABLE_OBJC_ARC = YES;
				CLANG_WARN_BOOL_CONVERSION = YES;
				CLANG_WARN_CONSTANT_CONVERSION = YES;
				CLANG_WARN_DIRECT_OBJC_ISA_USAGE = YES_ERROR;
				CLANG_WARN_DOCUMENTATION_COMMENTS = YES;
				CLANG_WARN_EMPTY_BODY = YES;
				CLANG_WARN_ENUM_CONVERSION = YES;
				CLANG_WARN_INFINITE_RECURSION = YES;
				CLANG_WARN_INT_CONVERSION = YES;
				CLANG_WARN_OBJC_ROOT_CLASS = YES_ERROR;
				CLANG_WARN_SUSPICIOUS_MOVE = YES;
				CLANG_WARN_UNREACHABLE_CODE = YES;
				CLANG_WARN__DUPLICATE_METHOD_MATCH = YES;
				"CODE_SIGN_IDENTITY[sdk=iphoneos*]" = "iPhone Developer";
				COPY_PHASE_STRIP = NO;
				DEBUG_INFORMATION_FORMAT = dwarf;
				ENABLE_STRICT_OBJC_MSGSEND = YES;
				ENABLE_TESTABILITY = YES;
				GCC_C_LANGUAGE_STANDARD = gnu99;
				GCC_DYNAMIC_NO_PIC = NO;
				GCC_NO_COMMON_BLOCKS = YES;
				GCC_OPTIMIZATION_LEVEL = 0;
				GCC_PREPROCESSOR_DEFINITIONS = (
					"DEBUG=1",
					"$(inherited)",
				);
				GCC_WARN_64_TO_32_BIT_CONVERSION = YES;
				GCC_WARN_ABOUT_RETURN_TYPE = YES_ERROR;
				GCC_WARN_UNDECLARED_SELECTOR = YES;
				GCC_WARN_UNINITIALIZED_AUTOS = YES_AGGRESSIVE;
				GCC_WARN_UNUSED_FUNCTION = YES;
				GCC_WARN_UNUSED_VARIABLE = YES;
				IPHONEOS_DEPLOYMENT_TARGET = 10.3;
				MTL_ENABLE_DEBUG_INFO = YES;
				ONLY_ACTIVE_ARCH = YES;
				SDKROOT = iphoneos;
				SWIFT_ACTIVE_COMPILATION_CONDITIONS = DEBUG;
				SWIFT_OPTIMIZATION_LEVEL = "-Onone";
			};
			name = Debug;
		};
		D9D632841F1579E2009D150B /* Release */ = {
			isa = XCBuildConfiguration;
			buildSettings = {
				ALWAYS_SEARCH_USER_PATHS = NO;
				CLANG_ANALYZER_NONNULL = YES;
				CLANG_ANALYZER_NUMBER_OBJECT_CONVERSION = YES_AGGRESSIVE;
				CLANG_CXX_LANGUAGE_STANDARD = "gnu++0x";
				CLANG_CXX_LIBRARY = "libc++";
				CLANG_ENABLE_MODULES = YES;
				CLANG_ENABLE_OBJC_ARC = YES;
				CLANG_WARN_BOOL_CONVERSION = YES;
				CLANG_WARN_CONSTANT_CONVERSION = YES;
				CLANG_WARN_DIRECT_OBJC_ISA_USAGE = YES_ERROR;
				CLANG_WARN_DOCUMENTATION_COMMENTS = YES;
				CLANG_WARN_EMPTY_BODY = YES;
				CLANG_WARN_ENUM_CONVERSION = YES;
				CLANG_WARN_INFINITE_RECURSION = YES;
				CLANG_WARN_INT_CONVERSION = YES;
				CLANG_WARN_OBJC_ROOT_CLASS = YES_ERROR;
				CLANG_WARN_SUSPICIOUS_MOVE = YES;
				CLANG_WARN_UNREACHABLE_CODE = YES;
				CLANG_WARN__DUPLICATE_METHOD_MATCH = YES;
				"CODE_SIGN_IDENTITY[sdk=iphoneos*]" = "iPhone Developer";
				COPY_PHASE_STRIP = NO;
				DEBUG_INFORMATION_FORMAT = "dwarf-with-dsym";
				ENABLE_NS_ASSERTIONS = NO;
				ENABLE_STRICT_OBJC_MSGSEND = YES;
				GCC_C_LANGUAGE_STANDARD = gnu99;
				GCC_NO_COMMON_BLOCKS = YES;
				GCC_WARN_64_TO_32_BIT_CONVERSION = YES;
				GCC_WARN_ABOUT_RETURN_TYPE = YES_ERROR;
				GCC_WARN_UNDECLARED_SELECTOR = YES;
				GCC_WARN_UNINITIALIZED_AUTOS = YES_AGGRESSIVE;
				GCC_WARN_UNUSED_FUNCTION = YES;
				GCC_WARN_UNUSED_VARIABLE = YES;
				IPHONEOS_DEPLOYMENT_TARGET = 10.3;
				MTL_ENABLE_DEBUG_INFO = NO;
				SDKROOT = iphoneos;
				SWIFT_OPTIMIZATION_LEVEL = "-Owholemodule";
				VALIDATE_PRODUCT = YES;
			};
			name = Release;
		};
		D9D632861F1579E2009D150B /* Debug */ = {
			isa = XCBuildConfiguration;
			buildSettings = {
				ASSETCATALOG_COMPILER_APPICON_NAME = AppIcon;
				DEVELOPMENT_TEAM = 543V5E2ARZ;
				INFOPLIST_FILE = cents/Info.plist;
				LD_RUNPATH_SEARCH_PATHS = "$(inherited) @executable_path/Frameworks";
				PRODUCT_BUNDLE_IDENTIFIER = com.chicresonance.cents;
				PRODUCT_NAME = "$(TARGET_NAME)";
				SWIFT_VERSION = 3.0;
			};
			name = Debug;
		};
		D9D632871F1579E2009D150B /* Release */ = {
			isa = XCBuildConfiguration;
			buildSettings = {
				ASSETCATALOG_COMPILER_APPICON_NAME = AppIcon;
				DEVELOPMENT_TEAM = 543V5E2ARZ;
				INFOPLIST_FILE = cents/Info.plist;
				LD_RUNPATH_SEARCH_PATHS = "$(inherited) @executable_path/Frameworks";
				PRODUCT_BUNDLE_IDENTIFIER = com.chicresonance.cents;
				PRODUCT_NAME = "$(TARGET_NAME)";
				SWIFT_VERSION = 3.0;
			};
			name = Release;
		};
/* End XCBuildConfiguration section */

/* Begin XCConfigurationList section */
		D9D6326E1F1579E2009D150B /* Build configuration list for PBXProject "cents" */ = {
			isa = XCConfigurationList;
			buildConfigurations = (
				D9D632831F1579E2009D150B /* Debug */,
				D9D632841F1579E2009D150B /* Release */,
			);
			defaultConfigurationIsVisible = 0;
			defaultConfigurationName = Release;
		};
		D9D632851F1579E2009D150B /* Build configuration list for PBXNativeTarget "cents" */ = {
			isa = XCConfigurationList;
			buildConfigurations = (
				D9D632861F1579E2009D150B /* Debug */,
				D9D632871F1579E2009D150B /* Release */,
			);
			defaultConfigurationIsVisible = 0;
			defaultConfigurationName = Release;
		};
/* End XCConfigurationList section */
	};
	rootObject = D9D6326B1F1579E2009D150B /* Project object */;
}
